
Microsoft Visual Studio Solution File, Format Version 12.00
# Visual Studio Version 17
VisualStudioVersion = 17.5.33530.505
MinimumVisualStudioVersion = 10.0.40219.1
Project("{2150E333-8FDC-42A3-9474-1A3956D46DE8}") = "src", "src", "{CF4BD30A-ED1A-418C-B62B-5880565C84EF}"
EndProject
Project("{2150E333-8FDC-42A3-9474-1A3956D46DE8}") = "data-import", "data-import", "{39B10A2F-6571-48F9-94E2-D0D63BDFE6EE}"
EndProject
Project("{9A19103F-16F7-4668-BE54-9A1E7A4F7556}") = "CHMM.DataImport.Lambda", "CHMM.DataImport.Lambda\CHMM.DataImport.Lambda.csproj", "{EC146FD5-FEBC-4972-9645-7021F3AB38F4}"
EndProject
Project("{9A19103F-16F7-4668-BE54-9A1E7A4F7556}") = "CHMM.DataImport.Api", "CHMM.DataImport.Api\CHMM.DataImport.Api.csproj", "{56BA7AC9-667D-4D64-A2D9-248DDCBD0B77}"
EndProject
Project("{9A19103F-16F7-4668-BE54-9A1E7A4F7556}") = "CHMM.DataImport.Logic", "CHMM.DataImport.Logic\CHMM.DataImport.Logic.csproj", "{EB498898-3FB4-4FB2-A325-582EDB94DFA2}"
EndProject
Project("{9A19103F-16F7-4668-BE54-9A1E7A4F7556}") = "CHMM.DataImport.Logic.Tests", "CHMM.DataImport.Logic.Tests\CHMM.DataImport.Logic.Tests.csproj", "{D7AFF58D-A0EA-4387-9349-8895D97B8F8B}"
EndProject
Project("{E53339B2-1760-4266-BCC7-CA923CBCF16C}") = "docker-compose", "docker-compose.dcproj", "{637CA30A-2998-4957-9F57-FF106AC6D3D6}"
EndProject
Project("{FAE04EC0-301F-11D3-BF4B-00C04F79EFBC}") = "Terraform", "Terraform\Terraform.csproj", "{AD093127-E923-4DCF-9E31-35C0FB59EE2E}"
EndProject
Global
	GlobalSection(SolutionConfigurationPlatforms) = preSolution
		Debug|Any CPU = Debug|Any CPU
		Release|Any CPU = Release|Any CPU
	EndGlobalSection
	GlobalSection(ProjectConfigurationPlatforms) = postSolution
		{EC146FD5-FEBC-4972-9645-7021F3AB38F4}.Debug|Any CPU.ActiveCfg = Debug|Any CPU
		{EC146FD5-FEBC-4972-9645-7021F3AB38F4}.Debug|Any CPU.Build.0 = Debug|Any CPU
		{EC146FD5-FEBC-4972-9645-7021F3AB38F4}.Release|Any CPU.ActiveCfg = Release|Any CPU
		{EC146FD5-FEBC-4972-9645-7021F3AB38F4}.Release|Any CPU.Build.0 = Release|Any CPU
		{56BA7AC9-667D-4D64-A2D9-248DDCBD0B77}.Debug|Any CPU.ActiveCfg = Debug|Any CPU
		{56BA7AC9-667D-4D64-A2D9-248DDCBD0B77}.Debug|Any CPU.Build.0 = Debug|Any CPU
		{56BA7AC9-667D-4D64-A2D9-248DDCBD0B77}.Release|Any CPU.ActiveCfg = Release|Any CPU
		{56BA7AC9-667D-4D64-A2D9-248DDCBD0B77}.Release|Any CPU.Build.0 = Release|Any CPU
		{EB498898-3FB4-4FB2-A325-582EDB94DFA2}.Debug|Any CPU.ActiveCfg = Debug|Any CPU
		{EB498898-3FB4-4FB2-A325-582EDB94DFA2}.Debug|Any CPU.Build.0 = Debug|Any CPU
		{EB498898-3FB4-4FB2-A325-582EDB94DFA2}.Release|Any CPU.ActiveCfg = Release|Any CPU
		{EB498898-3FB4-4FB2-A325-582EDB94DFA2}.Release|Any CPU.Build.0 = Release|Any CPU
		{D7AFF58D-A0EA-4387-9349-8895D97B8F8B}.Debug|Any CPU.ActiveCfg = Debug|Any CPU
		{D7AFF58D-A0EA-4387-9349-8895D97B8F8B}.Debug|Any CPU.Build.0 = Debug|Any CPU
		{D7AFF58D-A0EA-4387-9349-8895D97B8F8B}.Release|Any CPU.ActiveCfg = Release|Any CPU
		{D7AFF58D-A0EA-4387-9349-8895D97B8F8B}.Release|Any CPU.Build.0 = Release|Any CPU
		{637CA30A-2998-4957-9F57-FF106AC6D3D6}.Debug|Any CPU.ActiveCfg = Debug|Any CPU
		{637CA30A-2998-4957-9F57-FF106AC6D3D6}.Debug|Any CPU.Build.0 = Debug|Any CPU
		{637CA30A-2998-4957-9F57-FF106AC6D3D6}.Release|Any CPU.ActiveCfg = Release|Any CPU
		{637CA30A-2998-4957-9F57-FF106AC6D3D6}.Release|Any CPU.Build.0 = Release|Any CPU
		{AD093127-E923-4DCF-9E31-35C0FB59EE2E}.Debug|Any CPU.ActiveCfg = Debug|Any CPU
		{AD093127-E923-4DCF-9E31-35C0FB59EE2E}.Release|Any CPU.ActiveCfg = Debug|Any CPU
	EndGlobalSection
	GlobalSection(SolutionProperties) = preSolution
		HideSolutionNode = FALSE
	EndGlobalSection
	GlobalSection(NestedProjects) = preSolution
		{39B10A2F-6571-48F9-94E2-D0D63BDFE6EE} = {CF4BD30A-ED1A-418C-B62B-5880565C84EF}
		{EC146FD5-FEBC-4972-9645-7021F3AB38F4} = {39B10A2F-6571-48F9-94E2-D0D63BDFE6EE}
		{56BA7AC9-667D-4D64-A2D9-248DDCBD0B77} = {39B10A2F-6571-48F9-94E2-D0D63BDFE6EE}
		{EB498898-3FB4-4FB2-A325-582EDB94DFA2} = {39B10A2F-6571-48F9-94E2-D0D63BDFE6EE}
		{D7AFF58D-A0EA-4387-9349-8895D97B8F8B} = {39B10A2F-6571-48F9-94E2-D0D63BDFE6EE}
		{AD093127-E923-4DCF-9E31-35C0FB59EE2E} = {39B10A2F-6571-48F9-94E2-D0D63BDFE6EE}
	EndGlobalSection
	GlobalSection(ExtensibilityGlobals) = postSolution
		SolutionGuid = {3E669B83-96DA-473C-A41E-248661C346CA}
	EndGlobalSection
EndGlobal
